
Microsoft Visual Studio Solution File, Format Version 12.00
# Visual Studio Version 17
VisualStudioVersion = 17.5.002.0
MinimumVisualStudioVersion = 10.0.40219.1
Project("{9A19103F-16F7-4668-BE54-9A1E7A4F7556}") = "yttext", "yttext.csproj", "{EBA6DC7F-0E63-4C72-859D-CFB7520FD4A8}"
EndProject
Global
	GlobalSection(SolutionConfigurationPlatforms) = preSolution
		Debug|Any CPU = Debug|Any CPU
		Release|Any CPU = Release|Any CPU
	EndGlobalSection
	GlobalSection(ProjectConfigurationPlatforms) = postSolution
		{EBA6DC7F-0E63-4C72-859D-CFB7520FD4A8}.Debug|Any CPU.ActiveCfg = Debug|Any CPU
		{EBA6DC7F-0E63-4C72-859D-CFB7520FD4A8}.Debug|Any CPU.Build.0 = Debug|Any CPU
		{EBA6DC7F-0E63-4C72-859D-CFB7520FD4A8}.Release|Any CPU.ActiveCfg = Release|Any CPU
		{EBA6DC7F-0E63-4C72-859D-CFB7520FD4A8}.Release|Any CPU.Build.0 = Release|Any CPU
	EndGlobalSection
	GlobalSection(SolutionProperties) = preSolution
		HideSolutionNode = FALSE
	EndGlobalSection
	GlobalSection(ExtensibilityGlobals) = postSolution
		SolutionGuid = {04E8B018-B3EE-4291-AF58-AF02B1D6E351}
	EndGlobalSection
EndGlobal
